{
  "name": "demo-project",
  "version": "1.0.0",
  "lockfileVersion": 3,
  "requires": true,
  "packages": {
    "": {
      "name": "demo-project",
      "version": "1.0.0",
      "dependencies": {
        "fibonacci-library": "file:.."
      }
    },
    "..": {
      "name": "fibonacci-library",
      "version": "1.0.0",
      "license": "MIT"
    },
    "node_modules/fibonacci-library": {
      "resolved": "..",
      "link": true
    }
  }
}
